// !$*UTF8*$!
{
	archiveVersion = 1;
	classes = {
	};
	objectVersion = 46;
	objects = {

/* Begin PBXBuildFile section */
		CE0B31571E75609800466613 /* PersistenceService.swift in Sources */ = {isa = PBXBuildFile; fileRef = CE0B31561E75609800466613 /* PersistenceService.swift */; };
		CE0B31591E75612800466613 /* NSManagedObjectContext.swift in Sources */ = {isa = PBXBuildFile; fileRef = CE0B31581E75612800466613 /* NSManagedObjectContext.swift */; };
		CE0B315B1E7562B300466613 /* CoreDataManagedType.swift in Sources */ = {isa = PBXBuildFile; fileRef = CE0B315A1E7562B300466613 /* CoreDataManagedType.swift */; };
		CE0B315D1E75709F00466613 /* LocalizedStringConvertible.swift in Sources */ = {isa = PBXBuildFile; fileRef = CE0B315C1E75709F00466613 /* LocalizedStringConvertible.swift */; };
		CE0B315F1E7578FC00466613 /* Comment.swift in Sources */ = {isa = PBXBuildFile; fileRef = CE0B315E1E7578FC00466613 /* Comment.swift */; };
		CE0B31631E7590B400466613 /* Recension.swift in Sources */ = {isa = PBXBuildFile; fileRef = CE0B31621E7590B400466613 /* Recension.swift */; };
		CE0B31651E75AA7300466613 /* Link.swift in Sources */ = {isa = PBXBuildFile; fileRef = CE0B31641E75AA7300466613 /* Link.swift */; };
		CE0B31671E75AA8600466613 /* Multimedia.swift in Sources */ = {isa = PBXBuildFile; fileRef = CE0B31661E75AA8600466613 /* Multimedia.swift */; };
		CE3850191E6300F100654D1A /* AppDelegate.swift in Sources */ = {isa = PBXBuildFile; fileRef = CE3850181E6300F100654D1A /* AppDelegate.swift */; };
		CE38501E1E6300F100654D1A /* Main.storyboard in Resources */ = {isa = PBXBuildFile; fileRef = CE38501C1E6300F100654D1A /* Main.storyboard */; };
		CE3850201E6300F100654D1A /* Assets.xcassets in Resources */ = {isa = PBXBuildFile; fileRef = CE38501F1E6300F100654D1A /* Assets.xcassets */; };
		CE3850231E6300F100654D1A /* LaunchScreen.storyboard in Resources */ = {isa = PBXBuildFile; fileRef = CE3850211E6300F100654D1A /* LaunchScreen.storyboard */; };
		CE3850441E63037300654D1A /* ApiLink.swift in Sources */ = {isa = PBXBuildFile; fileRef = CE3850361E63037300654D1A /* ApiLink.swift */; };
		CE3850451E63037300654D1A /* ApiMultimedia.swift in Sources */ = {isa = PBXBuildFile; fileRef = CE3850371E63037300654D1A /* ApiMultimedia.swift */; };
		CE3850461E63037300654D1A /* ApiRecension.swift in Sources */ = {isa = PBXBuildFile; fileRef = CE3850381E63037300654D1A /* ApiRecension.swift */; };
		CE3850471E63037300654D1A /* ApiRecensionsResponse.swift in Sources */ = {isa = PBXBuildFile; fileRef = CE3850391E63037300654D1A /* ApiRecensionsResponse.swift */; };
		CE3850481E63037300654D1A /* ImageDownloadOperation.swift in Sources */ = {isa = PBXBuildFile; fileRef = CE38503A1E63037300654D1A /* ImageDownloadOperation.swift */; };
		CE38504A1E63037300654D1A /* RecensionDetailsViewController.swift in Sources */ = {isa = PBXBuildFile; fileRef = CE38503C1E63037300654D1A /* RecensionDetailsViewController.swift */; };
		CE38504B1E63037300654D1A /* RecensionDetailsViewController.xib in Resources */ = {isa = PBXBuildFile; fileRef = CE38503D1E63037300654D1A /* RecensionDetailsViewController.xib */; };
		CE38504C1E63037300654D1A /* RecensionsViewController.swift in Sources */ = {isa = PBXBuildFile; fileRef = CE38503E1E63037300654D1A /* RecensionsViewController.swift */; };
		CE38504D1E63037300654D1A /* RecensionsViewController.xib in Resources */ = {isa = PBXBuildFile; fileRef = CE38503F1E63037300654D1A /* RecensionsViewController.xib */; };
		CE38504E1E63037300654D1A /* RecensionTableViewCell.swift in Sources */ = {isa = PBXBuildFile; fileRef = CE3850401E63037300654D1A /* RecensionTableViewCell.swift */; };
		CE38504F1E63037300654D1A /* RecensionTableViewCell.xib in Resources */ = {isa = PBXBuildFile; fileRef = CE3850411E63037300654D1A /* RecensionTableViewCell.xib */; };
		CE3850501E63037300654D1A /* ReviewDetailsWebViewViewController.swift in Sources */ = {isa = PBXBuildFile; fileRef = CE3850421E63037300654D1A /* ReviewDetailsWebViewViewController.swift */; };
		CE3850511E63037300654D1A /* ReviewDetailsWebViewViewController.xib in Resources */ = {isa = PBXBuildFile; fileRef = CE3850431E63037300654D1A /* ReviewDetailsWebViewViewController.xib */; };
		CE3850531E63058E00654D1A /* Podfile in Resources */ = {isa = PBXBuildFile; fileRef = CE3850521E63058E00654D1A /* Podfile */; };
		CED70BA41E68853D00F5074F /* MovieReviewModel.xcdatamodeld in Sources */ = {isa = PBXBuildFile; fileRef = CED70BA21E68853D00F5074F /* MovieReviewModel.xcdatamodeld */; };
		D01846A0E13C7726D725F0AC /* Pods_MoviewReviewsReader.framework in Frameworks */ = {isa = PBXBuildFile; fileRef = 0EF815030E7DCCD25DD7C9F5 /* Pods_MoviewReviewsReader.framework */; };
		D2B669A41E797EEA00C61ADB /* DateUtils.swift in Sources */ = {isa = PBXBuildFile; fileRef = D2B669A31E797EEA00C61ADB /* DateUtils.swift */; };
/* End PBXBuildFile section */

/* Begin PBXFileReference section */
		0EF815030E7DCCD25DD7C9F5 /* Pods_MoviewReviewsReader.framework */ = {isa = PBXFileReference; explicitFileType = wrapper.framework; includeInIndex = 0; path = Pods_MoviewReviewsReader.framework; sourceTree = BUILT_PRODUCTS_DIR; };
		84849DB5954154F660573932 /* Pods-MoviewReviewsReader.debug.xcconfig */ = {isa = PBXFileReference; includeInIndex = 1; lastKnownFileType = text.xcconfig; name = "Pods-MoviewReviewsReader.debug.xcconfig"; path = "Pods/Target Support Files/Pods-MoviewReviewsReader/Pods-MoviewReviewsReader.debug.xcconfig"; sourceTree = "<group>"; };
		CE0B31561E75609800466613 /* PersistenceService.swift */ = {isa = PBXFileReference; fileEncoding = 4; lastKnownFileType = sourcecode.swift; path = PersistenceService.swift; sourceTree = "<group>"; };
		CE0B31581E75612800466613 /* NSManagedObjectContext.swift */ = {isa = PBXFileReference; fileEncoding = 4; lastKnownFileType = sourcecode.swift; path = NSManagedObjectContext.swift; sourceTree = "<group>"; };
		CE0B315A1E7562B300466613 /* CoreDataManagedType.swift */ = {isa = PBXFileReference; fileEncoding = 4; lastKnownFileType = sourcecode.swift; path = CoreDataManagedType.swift; sourceTree = "<group>"; };
		CE0B315C1E75709F00466613 /* LocalizedStringConvertible.swift */ = {isa = PBXFileReference; fileEncoding = 4; lastKnownFileType = sourcecode.swift; path = LocalizedStringConvertible.swift; sourceTree = "<group>"; };
		CE0B315E1E7578FC00466613 /* Comment.swift */ = {isa = PBXFileReference; fileEncoding = 4; lastKnownFileType = sourcecode.swift; path = Comment.swift; sourceTree = "<group>"; };
		CE0B31621E7590B400466613 /* Recension.swift */ = {isa = PBXFileReference; fileEncoding = 4; lastKnownFileType = sourcecode.swift; path = Recension.swift; sourceTree = "<group>"; };
		CE0B31641E75AA7300466613 /* Link.swift */ = {isa = PBXFileReference; fileEncoding = 4; lastKnownFileType = sourcecode.swift; path = Link.swift; sourceTree = "<group>"; };
		CE0B31661E75AA8600466613 /* Multimedia.swift */ = {isa = PBXFileReference; fileEncoding = 4; lastKnownFileType = sourcecode.swift; path = Multimedia.swift; sourceTree = "<group>"; };
		CE3850151E6300F100654D1A /* MoviewReviewsReader.app */ = {isa = PBXFileReference; explicitFileType = wrapper.application; includeInIndex = 0; path = MoviewReviewsReader.app; sourceTree = BUILT_PRODUCTS_DIR; };
		CE3850181E6300F100654D1A /* AppDelegate.swift */ = {isa = PBXFileReference; lastKnownFileType = sourcecode.swift; path = AppDelegate.swift; sourceTree = "<group>"; };
		CE38501D1E6300F100654D1A /* Base */ = {isa = PBXFileReference; lastKnownFileType = file.storyboard; name = Base; path = Base.lproj/Main.storyboard; sourceTree = "<group>"; };
		CE38501F1E6300F100654D1A /* Assets.xcassets */ = {isa = PBXFileReference; lastKnownFileType = folder.assetcatalog; path = Assets.xcassets; sourceTree = "<group>"; };
		CE3850221E6300F100654D1A /* Base */ = {isa = PBXFileReference; lastKnownFileType = file.storyboard; name = Base; path = Base.lproj/LaunchScreen.storyboard; sourceTree = "<group>"; };
		CE3850241E6300F100654D1A /* Info.plist */ = {isa = PBXFileReference; lastKnownFileType = text.plist.xml; path = Info.plist; sourceTree = "<group>"; };
		CE3850361E63037300654D1A /* ApiLink.swift */ = {isa = PBXFileReference; fileEncoding = 4; lastKnownFileType = sourcecode.swift; path = ApiLink.swift; sourceTree = "<group>"; };
		CE3850371E63037300654D1A /* ApiMultimedia.swift */ = {isa = PBXFileReference; fileEncoding = 4; lastKnownFileType = sourcecode.swift; path = ApiMultimedia.swift; sourceTree = "<group>"; };
		CE3850381E63037300654D1A /* ApiRecension.swift */ = {isa = PBXFileReference; fileEncoding = 4; lastKnownFileType = sourcecode.swift; path = ApiRecension.swift; sourceTree = "<group>"; };
		CE3850391E63037300654D1A /* ApiRecensionsResponse.swift */ = {isa = PBXFileReference; fileEncoding = 4; lastKnownFileType = sourcecode.swift; path = ApiRecensionsResponse.swift; sourceTree = "<group>"; };
		CE38503A1E63037300654D1A /* ImageDownloadOperation.swift */ = {isa = PBXFileReference; fileEncoding = 4; lastKnownFileType = sourcecode.swift; path = ImageDownloadOperation.swift; sourceTree = "<group>"; };
		CE38503C1E63037300654D1A /* RecensionDetailsViewController.swift */ = {isa = PBXFileReference; fileEncoding = 4; lastKnownFileType = sourcecode.swift; path = RecensionDetailsViewController.swift; sourceTree = "<group>"; };
		CE38503D1E63037300654D1A /* RecensionDetailsViewController.xib */ = {isa = PBXFileReference; fileEncoding = 4; lastKnownFileType = file.xib; path = RecensionDetailsViewController.xib; sourceTree = "<group>"; };
		CE38503E1E63037300654D1A /* RecensionsViewController.swift */ = {isa = PBXFileReference; fileEncoding = 4; lastKnownFileType = sourcecode.swift; path = RecensionsViewController.swift; sourceTree = "<group>"; };
		CE38503F1E63037300654D1A /* RecensionsViewController.xib */ = {isa = PBXFileReference; fileEncoding = 4; lastKnownFileType = file.xib; path = RecensionsViewController.xib; sourceTree = "<group>"; };
		CE3850401E63037300654D1A /* RecensionTableViewCell.swift */ = {isa = PBXFileReference; fileEncoding = 4; lastKnownFileType = sourcecode.swift; path = RecensionTableViewCell.swift; sourceTree = "<group>"; };
		CE3850411E63037300654D1A /* RecensionTableViewCell.xib */ = {isa = PBXFileReference; fileEncoding = 4; lastKnownFileType = file.xib; path = RecensionTableViewCell.xib; sourceTree = "<group>"; };
		CE3850421E63037300654D1A /* ReviewDetailsWebViewViewController.swift */ = {isa = PBXFileReference; fileEncoding = 4; lastKnownFileType = sourcecode.swift; path = ReviewDetailsWebViewViewController.swift; sourceTree = "<group>"; };
		CE3850431E63037300654D1A /* ReviewDetailsWebViewViewController.xib */ = {isa = PBXFileReference; fileEncoding = 4; lastKnownFileType = file.xib; path = ReviewDetailsWebViewViewController.xib; sourceTree = "<group>"; };
		CE3850521E63058E00654D1A /* Podfile */ = {isa = PBXFileReference; fileEncoding = 4; lastKnownFileType = text; path = Podfile; sourceTree = SOURCE_ROOT; xcLanguageSpecificationIdentifier = xcode.lang.ruby; };
		CED70BA31E68853D00F5074F /* MovieReviewModel.xcdatamodel */ = {isa = PBXFileReference; lastKnownFileType = wrapper.xcdatamodel; path = MovieReviewModel.xcdatamodel; sourceTree = "<group>"; };
		D2B669A31E797EEA00C61ADB /* DateUtils.swift */ = {isa = PBXFileReference; fileEncoding = 4; lastKnownFileType = sourcecode.swift; path = DateUtils.swift; sourceTree = "<group>"; };
		FEBD2DC0224694E0B32852CC /* Pods-MoviewReviewsReader.release.xcconfig */ = {isa = PBXFileReference; includeInIndex = 1; lastKnownFileType = text.xcconfig; name = "Pods-MoviewReviewsReader.release.xcconfig"; path = "Pods/Target Support Files/Pods-MoviewReviewsReader/Pods-MoviewReviewsReader.release.xcconfig"; sourceTree = "<group>"; };
/* End PBXFileReference section */

/* Begin PBXFrameworksBuildPhase section */
		CE3850121E6300F100654D1A /* Frameworks */ = {
			isa = PBXFrameworksBuildPhase;
			buildActionMask = 2147483647;
			files = (
				D01846A0E13C7726D725F0AC /* Pods_MoviewReviewsReader.framework in Frameworks */,
			);
			runOnlyForDeploymentPostprocessing = 0;
		};
/* End PBXFrameworksBuildPhase section */

/* Begin PBXGroup section */
		CE0B31551E75606B00466613 /* Services */ = {
			isa = PBXGroup;
			children = (
				CE0B31561E75609800466613 /* PersistenceService.swift */,
			);
			name = Services;
			sourceTree = "<group>";
		};
		CE38500C1E6300F100654D1A = {
			isa = PBXGroup;
			children = (
				CE3850171E6300F100654D1A /* MoviewReviewsReader */,
				CE3850161E6300F100654D1A /* Products */,
				F38A0B6F65CD6E13872FA8DB /* Pods */,
				F67871752D666D33A9AC60FB /* Frameworks */,
			);
			sourceTree = "<group>";
		};
		CE3850161E6300F100654D1A /* Products */ = {
			isa = PBXGroup;
			children = (
				CE3850151E6300F100654D1A /* MoviewReviewsReader.app */,
			);
			name = Products;
			sourceTree = "<group>";
		};
		CE3850171E6300F100654D1A /* MoviewReviewsReader */ = {
			isa = PBXGroup;
			children = (
				CE3850521E63058E00654D1A /* Podfile */,
				CE3850181E6300F100654D1A /* AppDelegate.swift */,
				CE38502C1E6301E800654D1A /* Source */,
				CE38502B1E6301B900654D1A /* Resources */,
			);
			path = MoviewReviewsReader;
			sourceTree = "<group>";
		};
		CE38502B1E6301B900654D1A /* Resources */ = {
			isa = PBXGroup;
			children = (
				CE38501C1E6300F100654D1A /* Main.storyboard */,
				CE38501F1E6300F100654D1A /* Assets.xcassets */,
				CE3850211E6300F100654D1A /* LaunchScreen.storyboard */,
				CE3850241E6300F100654D1A /* Info.plist */,
			);
			name = Resources;
			sourceTree = "<group>";
		};
		CE38502C1E6301E800654D1A /* Source */ = {
			isa = PBXGroup;
			children = (
				CE0B31551E75606B00466613 /* Services */,
				CED70BA11E68850300F5074F /* Core data */,
				CE3850301E63021D00654D1A /* Models */,
				CE38502F1E63020E00654D1A /* ViewControllers */,
				CE38502E1E63020700654D1A /* Network */,
				CE38502D1E63020100654D1A /* Utils */,
			);
			name = Source;
			sourceTree = "<group>";
		};
		CE38502D1E63020100654D1A /* Utils */ = {
			isa = PBXGroup;
			children = (
				CE38503A1E63037300654D1A /* ImageDownloadOperation.swift */,
				CE0B31581E75612800466613 /* NSManagedObjectContext.swift */,
				CE0B315A1E7562B300466613 /* CoreDataManagedType.swift */,
				D2B669A31E797EEA00C61ADB /* DateUtils.swift */,
			);
			name = Utils;
			sourceTree = "<group>";
		};
		CE38502E1E63020700654D1A /* Network */ = {
			isa = PBXGroup;
			children = (
				CE3850361E63037300654D1A /* ApiLink.swift */,
				CE3850371E63037300654D1A /* ApiMultimedia.swift */,
				CE3850381E63037300654D1A /* ApiRecension.swift */,
				CE3850391E63037300654D1A /* ApiRecensionsResponse.swift */,
			);
			name = Network;
			sourceTree = "<group>";
		};
		CE38502F1E63020E00654D1A /* ViewControllers */ = {
			isa = PBXGroup;
			children = (
				CE88B26E1E6344E0003A2FD7 /* Xib */,
				CE38503C1E63037300654D1A /* RecensionDetailsViewController.swift */,
				CE38503E1E63037300654D1A /* RecensionsViewController.swift */,
				CE3850421E63037300654D1A /* ReviewDetailsWebViewViewController.swift */,
			);
			name = ViewControllers;
			sourceTree = "<group>";
		};
		CE3850301E63021D00654D1A /* Models */ = {
			isa = PBXGroup;
			children = (
				CE3850321E63022E00654D1A /* Xib */,
				CE3850311E63022800654D1A /* Code */,
			);
			name = Models;
			sourceTree = "<group>";
		};
		CE3850311E63022800654D1A /* Code */ = {
			isa = PBXGroup;
			children = (
				CE3850401E63037300654D1A /* RecensionTableViewCell.swift */,
				CE0B315C1E75709F00466613 /* LocalizedStringConvertible.swift */,
			);
			name = Code;
			sourceTree = "<group>";
		};
		CE3850321E63022E00654D1A /* Xib */ = {
			isa = PBXGroup;
			children = (
				CE3850411E63037300654D1A /* RecensionTableViewCell.xib */,
			);
			name = Xib;
			sourceTree = "<group>";
		};
		CE88B26E1E6344E0003A2FD7 /* Xib */ = {
			isa = PBXGroup;
			children = (
				CE38503D1E63037300654D1A /* RecensionDetailsViewController.xib */,
				CE38503F1E63037300654D1A /* RecensionsViewController.xib */,
				CE3850431E63037300654D1A /* ReviewDetailsWebViewViewController.xib */,
			);
			name = Xib;
			sourceTree = "<group>";
		};
		CED70BA11E68850300F5074F /* Core data */ = {
			isa = PBXGroup;
			children = (
				CED70BA21E68853D00F5074F /* MovieReviewModel.xcdatamodeld */,
				CE0B315E1E7578FC00466613 /* Comment.swift */,
				CE0B31621E7590B400466613 /* Recension.swift */,
				CE0B31641E75AA7300466613 /* Link.swift */,
				CE0B31661E75AA8600466613 /* Multimedia.swift */,
			);
			name = "Core data";
			sourceTree = "<group>";
		};
		F38A0B6F65CD6E13872FA8DB /* Pods */ = {
			isa = PBXGroup;
			children = (
				84849DB5954154F660573932 /* Pods-MoviewReviewsReader.debug.xcconfig */,
				FEBD2DC0224694E0B32852CC /* Pods-MoviewReviewsReader.release.xcconfig */,
			);
			name = Pods;
			sourceTree = "<group>";
		};
		F67871752D666D33A9AC60FB /* Frameworks */ = {
			isa = PBXGroup;
			children = (
				0EF815030E7DCCD25DD7C9F5 /* Pods_MoviewReviewsReader.framework */,
			);
			name = Frameworks;
			sourceTree = "<group>";
		};
/* End PBXGroup section */

/* Begin PBXNativeTarget section */
		CE3850141E6300F100654D1A /* MoviewReviewsReader */ = {
			isa = PBXNativeTarget;
			buildConfigurationList = CE3850271E6300F100654D1A /* Build configuration list for PBXNativeTarget "MoviewReviewsReader" */;
			buildPhases = (
				F8BBC21035D64366CDEA05CA /* [CP] Check Pods Manifest.lock */,
				CE3850111E6300F100654D1A /* Sources */,
				CE3850121E6300F100654D1A /* Frameworks */,
				CE3850131E6300F100654D1A /* Resources */,
				28AD1168AE48BA6D4C6D0BE0 /* [CP] Embed Pods Frameworks */,
				75696C98A392745D799B43DC /* [CP] Copy Pods Resources */,
			);
			buildRules = (
			);
			dependencies = (
			);
			name = MoviewReviewsReader;
			productName = MoviewReviewsReader;
			productReference = CE3850151E6300F100654D1A /* MoviewReviewsReader.app */;
			productType = "com.apple.product-type.application";
		};
/* End PBXNativeTarget section */

/* Begin PBXProject section */
		CE38500D1E6300F100654D1A /* Project object */ = {
			isa = PBXProject;
			attributes = {
				LastSwiftUpdateCheck = 0820;
				LastUpgradeCheck = 0820;
				ORGANIZATIONNAME = vuki;
				TargetAttributes = {
					CE3850141E6300F100654D1A = {
						CreatedOnToolsVersion = 8.2.1;
						ProvisioningStyle = Automatic;
					};
				};
			};
			buildConfigurationList = CE3850101E6300F100654D1A /* Build configuration list for PBXProject "MoviewReviewsReader" */;
			compatibilityVersion = "Xcode 3.2";
			developmentRegion = English;
			hasScannedForEncodings = 0;
			knownRegions = (
				en,
				Base,
			);
			mainGroup = CE38500C1E6300F100654D1A;
			productRefGroup = CE3850161E6300F100654D1A /* Products */;
			projectDirPath = "";
			projectRoot = "";
			targets = (
				CE3850141E6300F100654D1A /* MoviewReviewsReader */,
			);
		};
/* End PBXProject section */

/* Begin PBXResourcesBuildPhase section */
		CE3850131E6300F100654D1A /* Resources */ = {
			isa = PBXResourcesBuildPhase;
			buildActionMask = 2147483647;
			files = (
				CE3850231E6300F100654D1A /* LaunchScreen.storyboard in Resources */,
				CE3850201E6300F100654D1A /* Assets.xcassets in Resources */,
				CE3850531E63058E00654D1A /* Podfile in Resources */,
				CE38504F1E63037300654D1A /* RecensionTableViewCell.xib in Resources */,
				CE3850511E63037300654D1A /* ReviewDetailsWebViewViewController.xib in Resources */,
				CE38504D1E63037300654D1A /* RecensionsViewController.xib in Resources */,
				CE38504B1E63037300654D1A /* RecensionDetailsViewController.xib in Resources */,
				CE38501E1E6300F100654D1A /* Main.storyboard in Resources */,
			);
			runOnlyForDeploymentPostprocessing = 0;
		};
/* End PBXResourcesBuildPhase section */

/* Begin PBXShellScriptBuildPhase section */
		28AD1168AE48BA6D4C6D0BE0 /* [CP] Embed Pods Frameworks */ = {
			isa = PBXShellScriptBuildPhase;
			buildActionMask = 2147483647;
			files = (
			);
			inputPaths = (
			);
			name = "[CP] Embed Pods Frameworks";
			outputPaths = (
			);
			runOnlyForDeploymentPostprocessing = 0;
			shellPath = /bin/sh;
			shellScript = "\"${SRCROOT}/Pods/Target Support Files/Pods-MoviewReviewsReader/Pods-MoviewReviewsReader-frameworks.sh\"\n";
			showEnvVarsInLog = 0;
		};
		75696C98A392745D799B43DC /* [CP] Copy Pods Resources */ = {
			isa = PBXShellScriptBuildPhase;
			buildActionMask = 2147483647;
			files = (
			);
			inputPaths = (
			);
			name = "[CP] Copy Pods Resources";
			outputPaths = (
			);
			runOnlyForDeploymentPostprocessing = 0;
			shellPath = /bin/sh;
			shellScript = "\"${SRCROOT}/Pods/Target Support Files/Pods-MoviewReviewsReader/Pods-MoviewReviewsReader-resources.sh\"\n";
			showEnvVarsInLog = 0;
		};
		F8BBC21035D64366CDEA05CA /* [CP] Check Pods Manifest.lock */ = {
			isa = PBXShellScriptBuildPhase;
			buildActionMask = 2147483647;
			files = (
			);
			inputPaths = (
			);
			name = "[CP] Check Pods Manifest.lock";
			outputPaths = (
			);
			runOnlyForDeploymentPostprocessing = 0;
			shellPath = /bin/sh;
			shellScript = "diff \"${PODS_ROOT}/../Podfile.lock\" \"${PODS_ROOT}/Manifest.lock\" > /dev/null\nif [ $? != 0 ] ; then\n    # print error to STDERR\n    echo \"error: The sandbox is not in sync with the Podfile.lock. Run 'pod install' or update your CocoaPods installation.\" >&2\n    exit 1\nfi\n";
			showEnvVarsInLog = 0;
		};
/* End PBXShellScriptBuildPhase section */

/* Begin PBXSourcesBuildPhase section */
		CE3850111E6300F100654D1A /* Sources */ = {
			isa = PBXSourcesBuildPhase;
			buildActionMask = 2147483647;
			files = (
				CE3850441E63037300654D1A /* ApiLink.swift in Sources */,
				CE0B31571E75609800466613 /* PersistenceService.swift in Sources */,
				CE38504A1E63037300654D1A /* RecensionDetailsViewController.swift in Sources */,
				CE0B31671E75AA8600466613 /* Multimedia.swift in Sources */,
				CE0B315D1E75709F00466613 /* LocalizedStringConvertible.swift in Sources */,
				CE3850461E63037300654D1A /* ApiRecension.swift in Sources */,
				CED70BA41E68853D00F5074F /* MovieReviewModel.xcdatamodeld in Sources */,
				CE38504E1E63037300654D1A /* RecensionTableViewCell.swift in Sources */,
				CE3850191E6300F100654D1A /* AppDelegate.swift in Sources */,
				CE3850501E63037300654D1A /* ReviewDetailsWebViewViewController.swift in Sources */,
				CE0B315B1E7562B300466613 /* CoreDataManagedType.swift in Sources */,
				CE3850471E63037300654D1A /* ApiRecensionsResponse.swift in Sources */,
				CE0B315F1E7578FC00466613 /* Comment.swift in Sources */,
				CE0B31591E75612800466613 /* NSManagedObjectContext.swift in Sources */,
				CE0B31631E7590B400466613 /* Recension.swift in Sources */,
				CE3850451E63037300654D1A /* ApiMultimedia.swift in Sources */,
				CE0B31651E75AA7300466613 /* Link.swift in Sources */,
				D2B669A41E797EEA00C61ADB /* DateUtils.swift in Sources */,
				CE38504C1E63037300654D1A /* RecensionsViewController.swift in Sources */,
				CE3850481E63037300654D1A /* ImageDownloadOperation.swift in Sources */,
			);
			runOnlyForDeploymentPostprocessing = 0;
		};
/* End PBXSourcesBuildPhase section */

/* Begin PBXVariantGroup section */
		CE38501C1E6300F100654D1A /* Main.storyboard */ = {
			isa = PBXVariantGroup;
			children = (
				CE38501D1E6300F100654D1A /* Base */,
			);
			name = Main.storyboard;
			sourceTree = "<group>";
		};
		CE3850211E6300F100654D1A /* LaunchScreen.storyboard */ = {
			isa = PBXVariantGroup;
			children = (
				CE3850221E6300F100654D1A /* Base */,
			);
			name = LaunchScreen.storyboard;
			sourceTree = "<group>";
		};
/* End PBXVariantGroup section */

/* Begin XCBuildConfiguration section */
		CE3850251E6300F100654D1A /* Debug */ = {
			isa = XCBuildConfiguration;
			buildSettings = {
				ALWAYS_SEARCH_USER_PATHS = NO;
				CLANG_ANALYZER_NONNULL = YES;
				CLANG_CXX_LANGUAGE_STANDARD = "gnu++0x";
				CLANG_CXX_LIBRARY = "libc++";
				CLANG_ENABLE_MODULES = YES;
				CLANG_ENABLE_OBJC_ARC = YES;
				CLANG_WARN_BOOL_CONVERSION = YES;
				CLANG_WARN_CONSTANT_CONVERSION = YES;
				CLANG_WARN_DIRECT_OBJC_ISA_USAGE = YES_ERROR;
				CLANG_WARN_DOCUMENTATION_COMMENTS = YES;
				CLANG_WARN_EMPTY_BODY = YES;
				CLANG_WARN_ENUM_CONVERSION = YES;
				CLANG_WARN_INFINITE_RECURSION = YES;
				CLANG_WARN_INT_CONVERSION = YES;
				CLANG_WARN_OBJC_ROOT_CLASS = YES_ERROR;
				CLANG_WARN_SUSPICIOUS_MOVE = YES;
				CLANG_WARN_UNREACHABLE_CODE = YES;
				CLANG_WARN__DUPLICATE_METHOD_MATCH = YES;
				"CODE_SIGN_IDENTITY[sdk=iphoneos*]" = "iPhone Developer";
				COPY_PHASE_STRIP = NO;
				DEBUG_INFORMATION_FORMAT = dwarf;
				ENABLE_STRICT_OBJC_MSGSEND = YES;
				ENABLE_TESTABILITY = YES;
				GCC_C_LANGUAGE_STANDARD = gnu99;
				GCC_DYNAMIC_NO_PIC = NO;
				GCC_NO_COMMON_BLOCKS = YES;
				GCC_OPTIMIZATION_LEVEL = 0;
				GCC_PREPROCESSOR_DEFINITIONS = (
					"DEBUG=1",
					"$(inherited)",
				);
				GCC_WARN_64_TO_32_BIT_CONVERSION = YES;
				GCC_WARN_ABOUT_RETURN_TYPE = YES_ERROR;
				GCC_WARN_UNDECLARED_SELECTOR = YES;
				GCC_WARN_UNINITIALIZED_AUTOS = YES_AGGRESSIVE;
				GCC_WARN_UNUSED_FUNCTION = YES;
				GCC_WARN_UNUSED_VARIABLE = YES;
				IPHONEOS_DEPLOYMENT_TARGET = 10.2;
				MTL_ENABLE_DEBUG_INFO = YES;
				ONLY_ACTIVE_ARCH = YES;
				SDKROOT = iphoneos;
				SWIFT_ACTIVE_COMPILATION_CONDITIONS = DEBUG;
				SWIFT_OPTIMIZATION_LEVEL = "-Onone";
				TARGETED_DEVICE_FAMILY = "1,2";
			};
			name = Debug;
		};
		CE3850261E6300F100654D1A /* Release */ = {
			isa = XCBuildConfiguration;
			buildSettings = {
				ALWAYS_SEARCH_USER_PATHS = NO;
				CLANG_ANALYZER_NONNULL = YES;
				CLANG_CXX_LANGUAGE_STANDARD = "gnu++0x";
				CLANG_CXX_LIBRARY = "libc++";
				CLANG_ENABLE_MODULES = YES;
				CLANG_ENABLE_OBJC_ARC = YES;
				CLANG_WARN_BOOL_CONVERSION = YES;
				CLANG_WARN_CONSTANT_CONVERSION = YES;
				CLANG_WARN_DIRECT_OBJC_ISA_USAGE = YES_ERROR;
				CLANG_WARN_DOCUMENTATION_COMMENTS = YES;
				CLANG_WARN_EMPTY_BODY = YES;
				CLANG_WARN_ENUM_CONVERSION = YES;
				CLANG_WARN_INFINITE_RECURSION = YES;
				CLANG_WARN_INT_CONVERSION = YES;
				CLANG_WARN_OBJC_ROOT_CLASS = YES_ERROR;
				CLANG_WARN_SUSPICIOUS_MOVE = YES;
				CLANG_WARN_UNREACHABLE_CODE = YES;
				CLANG_WARN__DUPLICATE_METHOD_MATCH = YES;
				"CODE_SIGN_IDENTITY[sdk=iphoneos*]" = "iPhone Developer";
				COPY_PHASE_STRIP = NO;
				DEBUG_INFORMATION_FORMAT = "dwarf-with-dsym";
				ENABLE_NS_ASSERTIONS = NO;
				ENABLE_STRICT_OBJC_MSGSEND = YES;
				GCC_C_LANGUAGE_STANDARD = gnu99;
				GCC_NO_COMMON_BLOCKS = YES;
				GCC_WARN_64_TO_32_BIT_CONVERSION = YES;
				GCC_WARN_ABOUT_RETURN_TYPE = YES_ERROR;
				GCC_WARN_UNDECLARED_SELECTOR = YES;
				GCC_WARN_UNINITIALIZED_AUTOS = YES_AGGRESSIVE;
				GCC_WARN_UNUSED_FUNCTION = YES;
				GCC_WARN_UNUSED_VARIABLE = YES;
				IPHONEOS_DEPLOYMENT_TARGET = 10.2;
				MTL_ENABLE_DEBUG_INFO = NO;
				SDKROOT = iphoneos;
				SWIFT_OPTIMIZATION_LEVEL = "-Owholemodule";
				TARGETED_DEVICE_FAMILY = "1,2";
				VALIDATE_PRODUCT = YES;
			};
			name = Release;
		};
		CE3850281E6300F100654D1A /* Debug */ = {
			isa = XCBuildConfiguration;
			baseConfigurationReference = 84849DB5954154F660573932 /* Pods-MoviewReviewsReader.debug.xcconfig */;
			buildSettings = {
				ASSETCATALOG_COMPILER_APPICON_NAME = AppIcon;
				DEVELOPMENT_TEAM = "";
				INFOPLIST_FILE = MoviewReviewsReader/Info.plist;
				LD_RUNPATH_SEARCH_PATHS = "$(inherited) @executable_path/Frameworks";
				PRODUCT_BUNDLE_IDENTIFIER = vuki.MoviewReviewsReader;
				PRODUCT_NAME = "$(TARGET_NAME)";
				SWIFT_VERSION = 3.0;
			};
			name = Debug;
		};
		CE3850291E6300F100654D1A /* Release */ = {
			isa = XCBuildConfiguration;
			baseConfigurationReference = FEBD2DC0224694E0B32852CC /* Pods-MoviewReviewsReader.release.xcconfig */;
			buildSettings = {
				ASSETCATALOG_COMPILER_APPICON_NAME = AppIcon;
				DEVELOPMENT_TEAM = "";
				INFOPLIST_FILE = MoviewReviewsReader/Info.plist;
				LD_RUNPATH_SEARCH_PATHS = "$(inherited) @executable_path/Frameworks";
				PRODUCT_BUNDLE_IDENTIFIER = vuki.MoviewReviewsReader;
				PRODUCT_NAME = "$(TARGET_NAME)";
				SWIFT_VERSION = 3.0;
			};
			name = Release;
		};
/* End XCBuildConfiguration section */

/* Begin XCConfigurationList section */
		CE3850101E6300F100654D1A /* Build configuration list for PBXProject "MoviewReviewsReader" */ = {
			isa = XCConfigurationList;
			buildConfigurations = (
				CE3850251E6300F100654D1A /* Debug */,
				CE3850261E6300F100654D1A /* Release */,
			);
			defaultConfigurationIsVisible = 0;
			defaultConfigurationName = Release;
		};
		CE3850271E6300F100654D1A /* Build configuration list for PBXNativeTarget "MoviewReviewsReader" */ = {
			isa = XCConfigurationList;
			buildConfigurations = (
				CE3850281E6300F100654D1A /* Debug */,
				CE3850291E6300F100654D1A /* Release */,
			);
			defaultConfigurationIsVisible = 0;
			defaultConfigurationName = Release;
		};
/* End XCConfigurationList section */

/* Begin XCVersionGroup section */
		CED70BA21E68853D00F5074F /* MovieReviewModel.xcdatamodeld */ = {
			isa = XCVersionGroup;
			children = (
				CED70BA31E68853D00F5074F /* MovieReviewModel.xcdatamodel */,
			);
			currentVersion = CED70BA31E68853D00F5074F /* MovieReviewModel.xcdatamodel */;
			path = MovieReviewModel.xcdatamodeld;
			sourceTree = "<group>";
			versionGroupType = wrapper.xcdatamodel;
		};
/* End XCVersionGroup section */
	};
	rootObject = CE38500D1E6300F100654D1A /* Project object */;
}
